
Microsoft Visual Studio Solution File, Format Version 12.00
# Visual Studio Version 17
VisualStudioVersion = 17.4.33205.214
MinimumVisualStudioVersion = 10.0.40219.1
Project("{FAE04EC0-301F-11D3-BF4B-00C04F79EFBC}") = "Seminar_8", "Seminar_8\Seminar_8.csproj", "{8DAA9F36-4C17-4D81-A89F-05F2B6D9DD0F}"
EndProject
Global
	GlobalSection(SolutionConfigurationPlatforms) = preSolution
		Debug|Any CPU = Debug|Any CPU
		Release|Any CPU = Release|Any CPU
	EndGlobalSection
	GlobalSection(ProjectConfigurationPlatforms) = postSolution
		{8DAA9F36-4C17-4D81-A89F-05F2B6D9DD0F}.Debug|Any CPU.ActiveCfg = Debug|Any CPU
		{8DAA9F36-4C17-4D81-A89F-05F2B6D9DD0F}.Debug|Any CPU.Build.0 = Debug|Any CPU
		{8DAA9F36-4C17-4D81-A89F-05F2B6D9DD0F}.Release|Any CPU.ActiveCfg = Release|Any CPU
		{8DAA9F36-4C17-4D81-A89F-05F2B6D9DD0F}.Release|Any CPU.Build.0 = Release|Any CPU
	EndGlobalSection
	GlobalSection(SolutionProperties) = preSolution
		HideSolutionNode = FALSE
	EndGlobalSection
	GlobalSection(ExtensibilityGlobals) = postSolution
		SolutionGuid = {61168E57-565B-4316-B6B9-F2FB3FADF902}
	EndGlobalSection
EndGlobal
